
Microsoft Visual Studio Solution File, Format Version 12.00
# Visual Studio Version 16
VisualStudioVersion = 16.0.30503.244
MinimumVisualStudioVersion = 10.0.40219.1
Project("{FAE04EC0-301F-11D3-BF4B-00C04F79EFBC}") = "PagueBem", "PagueBem\PagueBem.csproj", "{CD7E5CA5-FF5A-4C3B-8A98-03DD2F001E8B}"
EndProject
Global
	GlobalSection(SolutionConfigurationPlatforms) = preSolution
		Debug|Any CPU = Debug|Any CPU
		Release|Any CPU = Release|Any CPU
	EndGlobalSection
	GlobalSection(ProjectConfigurationPlatforms) = postSolution
		{CD7E5CA5-FF5A-4C3B-8A98-03DD2F001E8B}.Debug|Any CPU.ActiveCfg = Debug|Any CPU
		{CD7E5CA5-FF5A-4C3B-8A98-03DD2F001E8B}.Debug|Any CPU.Build.0 = Debug|Any CPU
		{CD7E5CA5-FF5A-4C3B-8A98-03DD2F001E8B}.Release|Any CPU.ActiveCfg = Release|Any CPU
		{CD7E5CA5-FF5A-4C3B-8A98-03DD2F001E8B}.Release|Any CPU.Build.0 = Release|Any CPU
	EndGlobalSection
	GlobalSection(SolutionProperties) = preSolution
		HideSolutionNode = FALSE
	EndGlobalSection
	GlobalSection(ExtensibilityGlobals) = postSolution
		SolutionGuid = {464BEBB0-1673-447E-80C1-1348BA084D36}
	EndGlobalSection
EndGlobal
